
Microsoft Visual Studio Solution File, Format Version 12.00
# Visual Studio Version 17
VisualStudioVersion = 17.14.36414.22 d17.14
MinimumVisualStudioVersion = 10.0.40219.1
Project("{FAE04EC0-301F-11D3-BF4B-00C04F79EFBC}") = "HomeGarden", "HomeGarden\HomeGarden.csproj", "{DD9C9D43-CE53-4D4E-A924-22BBC4F9C67D}"
EndProject
Global
	GlobalSection(SolutionConfigurationPlatforms) = preSolution
		Debug|Any CPU = Debug|Any CPU
		Release|Any CPU = Release|Any CPU
	EndGlobalSection
	GlobalSection(ProjectConfigurationPlatforms) = postSolution
		{DD9C9D43-CE53-4D4E-A924-22BBC4F9C67D}.Debug|Any CPU.ActiveCfg = Debug|Any CPU
		{DD9C9D43-CE53-4D4E-A924-22BBC4F9C67D}.Debug|Any CPU.Build.0 = Debug|Any CPU
		{DD9C9D43-CE53-4D4E-A924-22BBC4F9C67D}.Release|Any CPU.ActiveCfg = Release|Any CPU
		{DD9C9D43-CE53-4D4E-A924-22BBC4F9C67D}.Release|Any CPU.Build.0 = Release|Any CPU
	EndGlobalSection
	GlobalSection(SolutionProperties) = preSolution
		HideSolutionNode = FALSE
	EndGlobalSection
	GlobalSection(ExtensibilityGlobals) = postSolution
		SolutionGuid = {06339F3D-55AD-4789-B29A-1A4FB169DCC9}
	EndGlobalSection
EndGlobal
